
Microsoft Visual Studio Solution File, Format Version 12.00
# Visual Studio 14
VisualStudioVersion = 14.0.25420.1
MinimumVisualStudioVersion = 10.0.40219.1
Project("{159641D6-6404-4A2A-AE62-294DE0FE8301}") = "UploadDataToAzureBlob", "UploadDataToAzureBlob\UploadDataToAzureBlob.dtproj", "{EAEB5512-F101-4764-B97E-ED5D234D6A70}"
EndProject
Global
	GlobalSection(SolutionConfigurationPlatforms) = preSolution
		Development|Default = Development|Default
	EndGlobalSection
	GlobalSection(ProjectConfigurationPlatforms) = postSolution
		{EAEB5512-F101-4764-B97E-ED5D234D6A70}.Development|Default.ActiveCfg = Development
		{EAEB5512-F101-4764-B97E-ED5D234D6A70}.Development|Default.Build.0 = Development
	EndGlobalSection
	GlobalSection(SolutionProperties) = preSolution
		HideSolutionNode = FALSE
	EndGlobalSection
EndGlobal
